# THIS IS AN AUTOGENERATED FILE. DO NOT EDIT THIS FILE DIRECTLY.
# yarn lockfile v1


tiddlywiki@^5.2.1:
  version "5.2.1"
  resolved "https://registry.yarnpkg.com/tiddlywiki/-/tiddlywiki-5.2.1.tgz#9bd70652e6d819a0b86677793930c183605d5abe"
  integrity sha512-cfZX8G4/ymQzBmPcI8UWJ317eDrLf4INto99m7M8Nkbx5BMA3+Uapht7OPNaXZRR4RqvVJ7N1Ie1xYMWtvjnpw==
